
Microsoft Visual Studio Solution File, Format Version 12.00
# Visual Studio 15
VisualStudioVersion = 15.0.26730.16
MinimumVisualStudioVersion = 10.0.40219.1
Project("{FAE04EC0-301F-11D3-BF4B-00C04F79EFBC}") = "FileSystemVisitor", "FileSystemVisitor\FileSystemVisitor.csproj", "{DFB26E5B-3AAB-47BD-8B8D-673CB123F4C4}"
EndProject
Project("{FAE04EC0-301F-11D3-BF4B-00C04F79EFBC}") = "TestLib", "TestLib\TestLib.csproj", "{65E31A6A-B985-4AEF-B827-1E91EDE70C4F}"
EndProject
Global
	GlobalSection(SolutionConfigurationPlatforms) = preSolution
		Debug|Any CPU = Debug|Any CPU
		Release|Any CPU = Release|Any CPU
	EndGlobalSection
	GlobalSection(ProjectConfigurationPlatforms) = postSolution
		{DFB26E5B-3AAB-47BD-8B8D-673CB123F4C4}.Debug|Any CPU.ActiveCfg = Debug|Any CPU
		{DFB26E5B-3AAB-47BD-8B8D-673CB123F4C4}.Debug|Any CPU.Build.0 = Debug|Any CPU
		{DFB26E5B-3AAB-47BD-8B8D-673CB123F4C4}.Release|Any CPU.ActiveCfg = Release|Any CPU
		{DFB26E5B-3AAB-47BD-8B8D-673CB123F4C4}.Release|Any CPU.Build.0 = Release|Any CPU
		{65E31A6A-B985-4AEF-B827-1E91EDE70C4F}.Debug|Any CPU.ActiveCfg = Debug|Any CPU
		{65E31A6A-B985-4AEF-B827-1E91EDE70C4F}.Debug|Any CPU.Build.0 = Debug|Any CPU
		{65E31A6A-B985-4AEF-B827-1E91EDE70C4F}.Release|Any CPU.ActiveCfg = Release|Any CPU
		{65E31A6A-B985-4AEF-B827-1E91EDE70C4F}.Release|Any CPU.Build.0 = Release|Any CPU
	EndGlobalSection
	GlobalSection(SolutionProperties) = preSolution
		HideSolutionNode = FALSE
	EndGlobalSection
	GlobalSection(ExtensibilityGlobals) = postSolution
		SolutionGuid = {87DE8F8B-7515-46B0-BD35-5384F0F204B0}
	EndGlobalSection
EndGlobal
