
Microsoft Visual Studio Solution File, Format Version 12.00
# Visual Studio 15
VisualStudioVersion = 15.0.26730.16
MinimumVisualStudioVersion = 10.0.40219.1
Project("{00D1A9C2-B5F0-4AF3-8072-F6C62B433612}") = "Northwind1_0", "Northwind1_0\Northwind1_0.sqlproj", "{939D38DF-CDC2-4A59-A7EA-8951CE409A3F}"
EndProject
Project("{00D1A9C2-B5F0-4AF3-8072-F6C62B433612}") = "Northwind1_1", "Northwind1_1\Northwind1_1.sqlproj", "{CA6F6A6E-4D5B-4AF5-89C9-A43D9D3FB3A0}"
EndProject
Project("{00D1A9C2-B5F0-4AF3-8072-F6C62B433612}") = "Northwind1_3", "Northwind1_3\Northwind1_3.sqlproj", "{00C7DECB-1D1F-47C6-960B-D0AABCF7BBD8}"
EndProject
Global
	GlobalSection(SolutionConfigurationPlatforms) = preSolution
		Debug|Any CPU = Debug|Any CPU
		Release|Any CPU = Release|Any CPU
	EndGlobalSection
	GlobalSection(ProjectConfigurationPlatforms) = postSolution
		{939D38DF-CDC2-4A59-A7EA-8951CE409A3F}.Debug|Any CPU.ActiveCfg = Debug|Any CPU
		{939D38DF-CDC2-4A59-A7EA-8951CE409A3F}.Debug|Any CPU.Build.0 = Debug|Any CPU
		{939D38DF-CDC2-4A59-A7EA-8951CE409A3F}.Debug|Any CPU.Deploy.0 = Debug|Any CPU
		{939D38DF-CDC2-4A59-A7EA-8951CE409A3F}.Release|Any CPU.ActiveCfg = Release|Any CPU
		{939D38DF-CDC2-4A59-A7EA-8951CE409A3F}.Release|Any CPU.Build.0 = Release|Any CPU
		{939D38DF-CDC2-4A59-A7EA-8951CE409A3F}.Release|Any CPU.Deploy.0 = Release|Any CPU
		{CA6F6A6E-4D5B-4AF5-89C9-A43D9D3FB3A0}.Debug|Any CPU.ActiveCfg = Debug|Any CPU
		{CA6F6A6E-4D5B-4AF5-89C9-A43D9D3FB3A0}.Debug|Any CPU.Build.0 = Debug|Any CPU
		{CA6F6A6E-4D5B-4AF5-89C9-A43D9D3FB3A0}.Debug|Any CPU.Deploy.0 = Debug|Any CPU
		{CA6F6A6E-4D5B-4AF5-89C9-A43D9D3FB3A0}.Release|Any CPU.ActiveCfg = Release|Any CPU
		{CA6F6A6E-4D5B-4AF5-89C9-A43D9D3FB3A0}.Release|Any CPU.Build.0 = Release|Any CPU
		{CA6F6A6E-4D5B-4AF5-89C9-A43D9D3FB3A0}.Release|Any CPU.Deploy.0 = Release|Any CPU
		{00C7DECB-1D1F-47C6-960B-D0AABCF7BBD8}.Debug|Any CPU.ActiveCfg = Debug|Any CPU
		{00C7DECB-1D1F-47C6-960B-D0AABCF7BBD8}.Debug|Any CPU.Build.0 = Debug|Any CPU
		{00C7DECB-1D1F-47C6-960B-D0AABCF7BBD8}.Debug|Any CPU.Deploy.0 = Debug|Any CPU
		{00C7DECB-1D1F-47C6-960B-D0AABCF7BBD8}.Release|Any CPU.ActiveCfg = Release|Any CPU
		{00C7DECB-1D1F-47C6-960B-D0AABCF7BBD8}.Release|Any CPU.Build.0 = Release|Any CPU
		{00C7DECB-1D1F-47C6-960B-D0AABCF7BBD8}.Release|Any CPU.Deploy.0 = Release|Any CPU
	EndGlobalSection
	GlobalSection(SolutionProperties) = preSolution
		HideSolutionNode = FALSE
	EndGlobalSection
	GlobalSection(ExtensibilityGlobals) = postSolution
		SolutionGuid = {4F309BEE-1DC9-42EF-8719-030E90012CE2}
	EndGlobalSection
EndGlobal
